<?xml version="1.0" encoding="UTF-8"?>
<!DOCTYPE plist PUBLIC "-//Apple//DTD PLIST 1.0//EN" "http://www.apple.com/DTDs/PropertyList-1.0.dtd">
<plist version="1.0">
<dict>
	<key>archiveVersion</key>
	<string>1</string>
	<key>classes</key>
	<dict/>
	<key>objectVersion</key>
	<string>46</string>
	<key>objects</key>
	<dict>
		<key>06463375C5DAA3AF99FE4169</key>
		<dict>
			<key>buildActionMask</key>
			<string>2147483647</string>
			<key>files</key>
			<array/>
			<key>inputPaths</key>
			<array/>
			<key>isa</key>
			<string>PBXShellScriptBuildPhase</string>
			<key>name</key>
			<string>[CP] Copy Pods Resources</string>
			<key>outputPaths</key>
			<array/>
			<key>runOnlyForDeploymentPostprocessing</key>
			<string>0</string>
			<key>shellPath</key>
			<string>/bin/sh</string>
			<key>shellScript</key>
			<string>"${SRCROOT}/Pods/Target Support Files/Pods-ArtCisco7.0UITests/Pods-ArtCisco7.0UITests-resources.sh"
</string>
			<key>showEnvVarsInLog</key>
			<string>0</string>
		</dict>
		<key>1674037CB170F9A8A66F4C56</key>
		<dict>
			<key>includeInIndex</key>
			<string>1</string>
			<key>isa</key>
			<string>PBXFileReference</string>
			<key>lastKnownFileType</key>
			<string>text.xcconfig</string>
			<key>name</key>
			<string>Pods-ArtCisco7.0.release.xcconfig</string>
			<key>path</key>
			<string>Pods/Target Support Files/Pods-ArtCisco7.0/Pods-ArtCisco7.0.release.xcconfig</string>
			<key>sourceTree</key>
			<string>&lt;group&gt;</string>
		</dict>
		<key>1FA0F4A142A7ACDF42079753</key>
		<dict>
			<key>buildActionMask</key>
			<string>2147483647</string>
			<key>files</key>
			<array/>
			<key>inputPaths</key>
			<array/>
			<key>isa</key>
			<string>PBXShellScriptBuildPhase</string>
			<key>name</key>
			<string>[CP] Copy Pods Resources</string>
			<key>outputPaths</key>
			<array/>
			<key>runOnlyForDeploymentPostprocessing</key>
			<string>0</string>
			<key>shellPath</key>
			<string>/bin/sh</string>
			<key>shellScript</key>
			<string>"${SRCROOT}/Pods/Target Support Files/Pods-ArtCisco7.0Tests/Pods-ArtCisco7.0Tests-resources.sh"
</string>
			<key>showEnvVarsInLog</key>
			<string>0</string>
		</dict>
		<key>20E94BA3C168B1D1CA9C97D5</key>
		<dict>
			<key>buildActionMask</key>
			<string>2147483647</string>
			<key>files</key>
			<array/>
			<key>inputPaths</key>
			<array/>
			<key>isa</key>
			<string>PBXShellScriptBuildPhase</string>
			<key>name</key>
			<string>[CP] Copy Pods Resources</string>
			<key>outputPaths</key>
			<array/>
			<key>runOnlyForDeploymentPostprocessing</key>
			<string>0</string>
			<key>shellPath</key>
			<string>/bin/sh</string>
			<key>shellScript</key>
			<string>"${SRCROOT}/Pods/Target Support Files/Pods-ArtCisco7.0/Pods-ArtCisco7.0-resources.sh"
</string>
			<key>showEnvVarsInLog</key>
			<string>0</string>
		</dict>
		<key>4253E0272776A30B7EF0A787</key>
		<dict>
			<key>includeInIndex</key>
			<string>1</string>
			<key>isa</key>
			<string>PBXFileReference</string>
			<key>lastKnownFileType</key>
			<string>text.xcconfig</string>
			<key>name</key>
			<string>Pods-ArtCisco7.0Tests.release.xcconfig</string>
			<key>path</key>
			<string>Pods/Target Support Files/Pods-ArtCisco7.0Tests/Pods-ArtCisco7.0Tests.release.xcconfig</string>
			<key>sourceTree</key>
			<string>&lt;group&gt;</string>
		</dict>
		<key>51605EC61E14724C000AC94E</key>
		<dict>
			<key>fileRef</key>
			<string>519B14431E1469EC00D7A142</string>
			<key>isa</key>
			<string>PBXBuildFile</string>
		</dict>
		<key>51605EC71E14724C000AC94E</key>
		<dict>
			<key>fileRef</key>
			<string>519B14431E1469EC00D7A142</string>
			<key>isa</key>
			<string>PBXBuildFile</string>
			<key>settings</key>
			<dict>
				<key>ATTRIBUTES</key>
				<array>
					<string>CodeSignOnCopy</string>
					<string>RemoveHeadersOnCopy</string>
				</array>
			</dict>
		</dict>
		<key>51605EC81E14724C000AC94E</key>
		<dict>
			<key>buildActionMask</key>
			<string>2147483647</string>
			<key>dstPath</key>
			<string></string>
			<key>dstSubfolderSpec</key>
			<string>10</string>
			<key>files</key>
			<array>
				<string>51605EC71E14724C000AC94E</string>
			</array>
			<key>isa</key>
			<string>PBXCopyFilesBuildPhase</string>
			<key>name</key>
			<string>Embed Frameworks</string>
			<key>runOnlyForDeploymentPostprocessing</key>
			<string>0</string>
		</dict>
		<key>5180A2921E05B730009B9B99</key>
		<dict>
			<key>isa</key>
			<string>PBXFileReference</string>
			<key>lastKnownFileType</key>
			<string>text.plist.entitlements</string>
			<key>path</key>
			<string>ArtCisco7.0.entitlements</string>
			<key>sourceTree</key>
			<string>&lt;group&gt;</string>
		</dict>
		<key>51929BA01E04C63100F1C208</key>
		<dict>
			<key>fileEncoding</key>
			<string>4</string>
			<key>isa</key>
			<string>PBXFileReference</string>
			<key>lastKnownFileType</key>
			<string>text.plist.xml</string>
			<key>path</key>
			<string>GoogleService-Info.plist</string>
			<key>sourceTree</key>
			<string>&lt;group&gt;</string>
		</dict>
		<key>51929BA11E04C63100F1C208</key>
		<dict>
			<key>fileRef</key>
			<string>51929BA01E04C63100F1C208</string>
			<key>isa</key>
			<string>PBXBuildFile</string>
		</dict>
		<key>51929BA21E04C63100F1C208</key>
		<dict>
			<key>fileRef</key>
			<string>51929BA01E04C63100F1C208</string>
			<key>isa</key>
			<string>PBXBuildFile</string>
		</dict>
		<key>51929BA31E04C63100F1C208</key>
		<dict>
			<key>fileRef</key>
			<string>51929BA01E04C63100F1C208</string>
			<key>isa</key>
			<string>PBXBuildFile</string>
		</dict>
		<key>519B14431E1469EC00D7A142</key>
		<dict>
			<key>isa</key>
			<string>PBXFileReference</string>
			<key>lastKnownFileType</key>
			<string>wrapper.framework</string>
			<key>name</key>
			<string>LocationPicker.framework</string>
			<key>path</key>
			<string>../../Library/Developer/Xcode/DerivedData/ArtCisco7.0-aqffstyicckarrblwyjhcqxtbpea/Build/Products/Debug-iphonesimulator/LocationPicker/LocationPicker.framework</string>
			<key>sourceTree</key>
			<string>&lt;group&gt;</string>
		</dict>
		<key>519B14451E146A0F00D7A142</key>
		<dict>
			<key>isa</key>
			<string>PBXFileReference</string>
			<key>lastKnownFileType</key>
			<string>wrapper.framework</string>
			<key>name</key>
			<string>CoreLocation.framework</string>
			<key>path</key>
			<string>System/Library/Frameworks/CoreLocation.framework</string>
			<key>sourceTree</key>
			<string>SDKROOT</string>
		</dict>
		<key>519B14461E146A0F00D7A142</key>
		<dict>
			<key>fileRef</key>
			<string>519B14451E146A0F00D7A142</string>
			<key>isa</key>
			<string>PBXBuildFile</string>
		</dict>
		<key>51F0FD4D1E07503D0002E99F</key>
		<dict>
			<key>fileEncoding</key>
			<string>4</string>
			<key>isa</key>
			<string>PBXFileReference</string>
			<key>lastKnownFileType</key>
			<string>sourcecode.swift</string>
			<key>path</key>
			<string>AddArtViewController.swift</string>
			<key>sourceTree</key>
			<string>&lt;group&gt;</string>
		</dict>
		<key>51F0FD4E1E07503D0002E99F</key>
		<dict>
			<key>fileRef</key>
			<string>51F0FD4D1E07503D0002E99F</string>
			<key>isa</key>
			<string>PBXBuildFile</string>
		</dict>
		<key>51FB4D5C1E06302300E4B1D1</key>
		<dict>
			<key>fileEncoding</key>
			<string>4</string>
			<key>isa</key>
			<string>PBXFileReference</string>
			<key>lastKnownFileType</key>
			<string>sourcecode.c.h</string>
			<key>path</key>
			<string>ArtCisco7.0-Bridging-Header.h</string>
			<key>sourceTree</key>
			<string>&lt;group&gt;</string>
		</dict>
		<key>56A591E73D3AAAB34E71A5C1</key>
		<dict>
			<key>explicitFileType</key>
			<string>wrapper.framework</string>
			<key>includeInIndex</key>
			<string>0</string>
			<key>isa</key>
			<string>PBXFileReference</string>
			<key>path</key>
			<string>Pods_ArtCisco7_0.framework</string>
			<key>sourceTree</key>
			<string>BUILT_PRODUCTS_DIR</string>
		</dict>
		<key>57D66B3012D0B9DDBD27F4F8</key>
		<dict>
			<key>fileRef</key>
			<string>56A591E73D3AAAB34E71A5C1</string>
			<key>isa</key>
			<string>PBXBuildFile</string>
		</dict>
		<key>58E0CF953ED054A4B261CFF1</key>
		<dict>
			<key>buildActionMask</key>
			<string>2147483647</string>
			<key>files</key>
			<array/>
			<key>inputPaths</key>
			<array/>
			<key>isa</key>
			<string>PBXShellScriptBuildPhase</string>
			<key>name</key>
			<string>[CP] Embed Pods Frameworks</string>
			<key>outputPaths</key>
			<array/>
			<key>runOnlyForDeploymentPostprocessing</key>
			<string>0</string>
			<key>shellPath</key>
			<string>/bin/sh</string>
			<key>shellScript</key>
			<string>"${SRCROOT}/Pods/Target Support Files/Pods-ArtCisco7.0/Pods-ArtCisco7.0-frameworks.sh"
</string>
			<key>showEnvVarsInLog</key>
			<string>0</string>
		</dict>
		<key>595886C490DF6BE75FC15B95</key>
		<dict>
			<key>includeInIndex</key>
			<string>1</string>
			<key>isa</key>
			<string>PBXFileReference</string>
			<key>lastKnownFileType</key>
			<string>text.xcconfig</string>
			<key>name</key>
			<string>Pods-ArtCisco7.0UITests.release.xcconfig</string>
			<key>path</key>
			<string>Pods/Target Support Files/Pods-ArtCisco7.0UITests/Pods-ArtCisco7.0UITests.release.xcconfig</string>
			<key>sourceTree</key>
			<string>&lt;group&gt;</string>
		</dict>
		<key>6149FE811E087B030092313C</key>
		<dict>
			<key>fileEncoding</key>
			<string>4</string>
			<key>isa</key>
			<string>PBXFileReference</string>
			<key>lastKnownFileType</key>
			<string>sourcecode.swift</string>
			<key>name</key>
			<string>MapViewController.swift</string>
			<key>path</key>
			<string>../MapViewController.swift</string>
			<key>sourceTree</key>
			<string>&lt;group&gt;</string>
		</dict>
		<key>6149FE821E087B030092313C</key>
		<dict>
			<key>fileRef</key>
			<string>6149FE811E087B030092313C</string>
			<key>isa</key>
			<string>PBXBuildFile</string>
		</dict>
		<key>6149FE841E0970940092313C</key>
		<dict>
			<key>fileEncoding</key>
			<string>4</string>
			<key>isa</key>
			<string>PBXFileReference</string>
			<key>lastKnownFileType</key>
			<string>sourcecode.swift</string>
			<key>path</key>
			<string>AppleMapViewController.swift</string>
			<key>sourceTree</key>
			<string>&lt;group&gt;</string>
		</dict>
		<key>6149FE851E0970940092313C</key>
		<dict>
			<key>fileRef</key>
			<string>6149FE841E0970940092313C</string>
			<key>isa</key>
			<string>PBXBuildFile</string>
		</dict>
		<key>614C7D0D1E0712530027161B</key>
		<dict>
			<key>isa</key>
			<string>PBXFileReference</string>
			<key>lastKnownFileType</key>
			<string>wrapper.framework</string>
			<key>name</key>
			<string>FirebaseDatabase.framework</string>
			<key>path</key>
			<string>Pods/FirebaseDatabase/Frameworks/FirebaseDatabase.framework</string>
			<key>sourceTree</key>
			<string>&lt;group&gt;</string>
		</dict>
		<key>614C7D0E1E0712530027161B</key>
		<dict>
			<key>fileRef</key>
			<string>614C7D0D1E0712530027161B</string>
			<key>isa</key>
			<string>PBXBuildFile</string>
		</dict>
		<key>6199935A1E11D9DE009A4C39</key>
		<dict>
			<key>fileEncoding</key>
			<string>4</string>
			<key>isa</key>
			<string>PBXFileReference</string>
			<key>lastKnownFileType</key>
			<string>sourcecode.swift</string>
			<key>path</key>
			<string>AddLocationViewController.swift</string>
			<key>sourceTree</key>
			<string>&lt;group&gt;</string>
		</dict>
		<key>6199935B1E11D9DE009A4C39</key>
		<dict>
			<key>fileRef</key>
			<string>6199935A1E11D9DE009A4C39</string>
			<key>isa</key>
			<string>PBXBuildFile</string>
		</dict>
		<key>61BC1E201E04CDD000AB3752</key>
		<dict>
			<key>fileEncoding</key>
			<string>4</string>
			<key>isa</key>
			<string>PBXFileReference</string>
			<key>lastKnownFileType</key>
			<string>sourcecode.swift</string>
			<key>path</key>
			<string>RegistrationViewController.swift</string>
			<key>sourceTree</key>
			<string>&lt;group&gt;</string>
		</dict>
		<key>61BC1E211E04CDD000AB3752</key>
		<dict>
			<key>fileRef</key>
			<string>61BC1E201E04CDD000AB3752</string>
			<key>isa</key>
			<string>PBXBuildFile</string>
		</dict>
		<key>61EA10881E05ABA200210503</key>
		<dict>
			<key>isa</key>
			<string>PBXFileReference</string>
			<key>lastKnownFileType</key>
			<string>wrapper.framework</string>
			<key>name</key>
			<string>FBSDKLoginKit.framework</string>
			<key>path</key>
			<string>FacebookSDKs-iOS-4.18.0/FBSDKLoginKit.framework</string>
			<key>sourceTree</key>
			<string>&lt;group&gt;</string>
		</dict>
		<key>61EA10891E05ABA200210503</key>
		<dict>
			<key>fileRef</key>
			<string>61EA10881E05ABA200210503</string>
			<key>isa</key>
			<string>PBXBuildFile</string>
		</dict>
		<key>61EA108A1E05ABA900210503</key>
		<dict>
			<key>isa</key>
			<string>PBXFileReference</string>
			<key>lastKnownFileType</key>
			<string>wrapper.framework</string>
			<key>name</key>
			<string>FBSDKCoreKit.framework</string>
			<key>path</key>
			<string>FacebookSDKs-iOS-4.18.0/FBSDKCoreKit.framework</string>
			<key>sourceTree</key>
			<string>&lt;group&gt;</string>
		</dict>
		<key>61EA108B1E05ABA900210503</key>
		<dict>
			<key>fileRef</key>
			<string>61EA108A1E05ABA900210503</string>
			<key>isa</key>
			<string>PBXBuildFile</string>
		</dict>
		<key>61FDB0621E01E0DE0081A820</key>
		<dict>
			<key>children</key>
			<array>
				<string>61FDB06D1E01E0DE0081A820</string>
				<string>61FDB0851E01E0DE0081A820</string>
				<string>61FDB0901E01E0DF0081A820</string>
				<string>61FDB06C1E01E0DE0081A820</string>
				<string>CAC0119156B0DFFB1438241C</string>
				<string>F8FE904FE96171068ECE413B</string>
			</array>
			<key>isa</key>
			<string>PBXGroup</string>
			<key>sourceTree</key>
			<string>&lt;group&gt;</string>
		</dict>
		<key>61FDB0631E01E0DE0081A820</key>
		<dict>
			<key>attributes</key>
			<dict>
				<key>LastSwiftUpdateCheck</key>
				<string>0810</string>
				<key>LastUpgradeCheck</key>
				<string>0810</string>
				<key>ORGANIZATIONNAME</key>
				<string>Oskar/Jake</string>
				<key>TargetAttributes</key>
				<dict>
					<key>61FDB06A1E01E0DE0081A820</key>
					<dict>
						<key>CreatedOnToolsVersion</key>
						<string>8.1</string>
						<key>DevelopmentTeam</key>
						<string>CEJB5SCP4H</string>
						<key>LastSwiftMigration</key>
						<string>0820</string>
						<key>ProvisioningStyle</key>
						<string>Automatic</string>
						<key>SystemCapabilities</key>
						<dict>
							<key>com.apple.Keychain</key>
							<dict>
								<key>enabled</key>
								<string>1</string>
							</dict>
						</dict>
					</dict>
					<key>61FDB0811E01E0DE0081A820</key>
					<dict>
						<key>CreatedOnToolsVersion</key>
						<string>8.1</string>
						<key>LastSwiftMigration</key>
						<string>0820</string>
						<key>ProvisioningStyle</key>
						<string>Automatic</string>
						<key>TestTargetID</key>
						<string>61FDB06A1E01E0DE0081A820</string>
					</dict>
					<key>61FDB08C1E01E0DF0081A820</key>
					<dict>
						<key>CreatedOnToolsVersion</key>
						<string>8.1</string>
						<key>LastSwiftMigration</key>
						<string>0820</string>
						<key>ProvisioningStyle</key>
						<string>Automatic</string>
						<key>TestTargetID</key>
						<string>61FDB06A1E01E0DE0081A820</string>
					</dict>
				</dict>
			</dict>
			<key>buildConfigurationList</key>
			<string>61FDB0661E01E0DE0081A820</string>
			<key>compatibilityVersion</key>
			<string>Xcode 3.2</string>
			<key>developmentRegion</key>
			<string>English</string>
			<key>hasScannedForEncodings</key>
			<string>0</string>
			<key>isa</key>
			<string>PBXProject</string>
			<key>knownRegions</key>
			<array>
				<string>en</string>
				<string>Base</string>
			</array>
			<key>mainGroup</key>
			<string>61FDB0621E01E0DE0081A820</string>
			<key>productRefGroup</key>
			<string>61FDB06C1E01E0DE0081A820</string>
			<key>projectDirPath</key>
			<string></string>
			<key>projectReferences</key>
			<array/>
			<key>projectRoot</key>
			<string></string>
			<key>targets</key>
			<array>
				<string>61FDB06A1E01E0DE0081A820</string>
				<string>61FDB0811E01E0DE0081A820</string>
				<string>61FDB08C1E01E0DF0081A820</string>
			</array>
		</dict>
		<key>61FDB0661E01E0DE0081A820</key>
		<dict>
			<key>buildConfigurations</key>
			<array>
				<string>61FDB0941E01E0DF0081A820</string>
				<string>61FDB0951E01E0DF0081A820</string>
			</array>
			<key>defaultConfigurationIsVisible</key>
			<string>0</string>
			<key>defaultConfigurationName</key>
			<string>Release</string>
			<key>isa</key>
			<string>XCConfigurationList</string>
		</dict>
		<key>61FDB0671E01E0DE0081A820</key>
		<dict>
			<key>buildActionMask</key>
			<string>2147483647</string>
			<key>files</key>
			<array>
				<string>61FDB0771E01E0DE0081A820</string>
				<string>6149FE821E087B030092313C</string>
				<string>61FDB0711E01E0DE0081A820</string>
				<string>6199935B1E11D9DE009A4C39</string>
				<string>51F0FD4E1E07503D0002E99F</string>
				<string>61BC1E211E04CDD000AB3752</string>
				<string>6149FE851E0970940092313C</string>
				<string>61FDB06F1E01E0DE0081A820</string>
			</array>
			<key>isa</key>
			<string>PBXSourcesBuildPhase</string>
			<key>runOnlyForDeploymentPostprocessing</key>
			<string>0</string>
		</dict>
		<key>61FDB0681E01E0DE0081A820</key>
		<dict>
			<key>buildActionMask</key>
			<string>2147483647</string>
			<key>files</key>
			<array>
				<string>519B14461E146A0F00D7A142</string>
				<string>614C7D0E1E0712530027161B</string>
				<string>61EA10891E05ABA200210503</string>
				<string>61EA108B1E05ABA900210503</string>
				<string>57D66B3012D0B9DDBD27F4F8</string>
				<string>51605EC61E14724C000AC94E</string>
			</array>
			<key>isa</key>
			<string>PBXFrameworksBuildPhase</string>
			<key>runOnlyForDeploymentPostprocessing</key>
			<string>0</string>
		</dict>
		<key>61FDB0691E01E0DE0081A820</key>
		<dict>
			<key>buildActionMask</key>
			<string>2147483647</string>
			<key>files</key>
			<array>
				<string>61FDB07C1E01E0DE0081A820</string>
				<string>51929BA11E04C63100F1C208</string>
				<string>61FDB0791E01E0DE0081A820</string>
				<string>61FDB0741E01E0DE0081A820</string>
			</array>
			<key>isa</key>
			<string>PBXResourcesBuildPhase</string>
			<key>runOnlyForDeploymentPostprocessing</key>
			<string>0</string>
		</dict>
		<key>61FDB06A1E01E0DE0081A820</key>
		<dict>
			<key>buildConfigurationList</key>
			<string>61FDB0961E01E0DF0081A820</string>
			<key>buildPhases</key>
			<array>
				<string>7FA0955519CC4F85806472E0</string>
				<string>61FDB0671E01E0DE0081A820</string>
				<string>61FDB0681E01E0DE0081A820</string>
				<string>61FDB0691E01E0DE0081A820</string>
				<string>58E0CF953ED054A4B261CFF1</string>
				<string>20E94BA3C168B1D1CA9C97D5</string>
				<string>51605EC81E14724C000AC94E</string>
			</array>
			<key>buildRules</key>
			<array/>
			<key>dependencies</key>
			<array/>
			<key>isa</key>
			<string>PBXNativeTarget</string>
			<key>name</key>
			<string>ArtCisco7.0</string>
			<key>productName</key>
			<string>ArtCisco7.0</string>
			<key>productReference</key>
			<string>61FDB06B1E01E0DE0081A820</string>
			<key>productType</key>
			<string>com.apple.product-type.application</string>
		</dict>
		<key>61FDB06B1E01E0DE0081A820</key>
		<dict>
			<key>explicitFileType</key>
			<string>wrapper.application</string>
			<key>includeInIndex</key>
			<string>0</string>
			<key>isa</key>
			<string>PBXFileReference</string>
			<key>path</key>
			<string>ArtCisco7.0.app</string>
			<key>sourceTree</key>
			<string>BUILT_PRODUCTS_DIR</string>
		</dict>
		<key>61FDB06C1E01E0DE0081A820</key>
		<dict>
			<key>children</key>
			<array>
				<string>61FDB06B1E01E0DE0081A820</string>
				<string>61FDB0821E01E0DE0081A820</string>
				<string>61FDB08D1E01E0DF0081A820</string>
			</array>
			<key>isa</key>
			<string>PBXGroup</string>
			<key>name</key>
			<string>Products</string>
			<key>sourceTree</key>
			<string>&lt;group&gt;</string>
		</dict>
		<key>61FDB06D1E01E0DE0081A820</key>
		<dict>
			<key>children</key>
			<array>
				<string>5180A2921E05B730009B9B99</string>
				<string>61FDB06E1E01E0DE0081A820</string>
				<string>61FDB0701E01E0DE0081A820</string>
				<string>51FB4D5C1E06302300E4B1D1</string>
				<string>51929BA01E04C63100F1C208</string>
				<string>61FDB0721E01E0DE0081A820</string>
				<string>51F0FD4D1E07503D0002E99F</string>
				<string>6199935A1E11D9DE009A4C39</string>
				<string>6149FE841E0970940092313C</string>
				<string>6149FE811E087B030092313C</string>
				<string>61BC1E201E04CDD000AB3752</string>
				<string>61FDB0781E01E0DE0081A820</string>
				<string>61FDB07A1E01E0DE0081A820</string>
				<string>61FDB07D1E01E0DE0081A820</string>
				<string>61FDB0751E01E0DE0081A820</string>
			</array>
			<key>isa</key>
			<string>PBXGroup</string>
			<key>path</key>
			<string>ArtCisco7.0</string>
			<key>sourceTree</key>
			<string>&lt;group&gt;</string>
		</dict>
		<key>61FDB06E1E01E0DE0081A820</key>
		<dict>
			<key>isa</key>
			<string>PBXFileReference</string>
			<key>lastKnownFileType</key>
			<string>sourcecode.swift</string>
			<key>path</key>
			<string>AppDelegate.swift</string>
			<key>sourceTree</key>
			<string>&lt;group&gt;</string>
		</dict>
		<key>61FDB06F1E01E0DE0081A820</key>
		<dict>
			<key>fileRef</key>
			<string>61FDB06E1E01E0DE0081A820</string>
			<key>isa</key>
			<string>PBXBuildFile</string>
		</dict>
		<key>61FDB0701E01E0DE0081A820</key>
		<dict>
			<key>isa</key>
			<string>PBXFileReference</string>
			<key>lastKnownFileType</key>
			<string>sourcecode.swift</string>
			<key>path</key>
			<string>ViewController.swift</string>
			<key>sourceTree</key>
			<string>&lt;group&gt;</string>
		</dict>
		<key>61FDB0711E01E0DE0081A820</key>
		<dict>
			<key>fileRef</key>
			<string>61FDB0701E01E0DE0081A820</string>
			<key>isa</key>
			<string>PBXBuildFile</string>
		</dict>
		<key>61FDB0721E01E0DE0081A820</key>
		<dict>
			<key>children</key>
			<array>
				<string>61FDB0731E01E0DE0081A820</string>
			</array>
			<key>isa</key>
			<string>PBXVariantGroup</string>
			<key>name</key>
			<string>Main.storyboard</string>
			<key>sourceTree</key>
			<string>&lt;group&gt;</string>
		</dict>
		<key>61FDB0731E01E0DE0081A820</key>
		<dict>
			<key>isa</key>
			<string>PBXFileReference</string>
			<key>lastKnownFileType</key>
			<string>file.storyboard</string>
			<key>name</key>
			<string>Base</string>
			<key>path</key>
			<string>Base.lproj/Main.storyboard</string>
			<key>sourceTree</key>
			<string>&lt;group&gt;</string>
		</dict>
		<key>61FDB0741E01E0DE0081A820</key>
		<dict>
			<key>fileRef</key>
			<string>61FDB0721E01E0DE0081A820</string>
			<key>isa</key>
			<string>PBXBuildFile</string>
		</dict>
		<key>61FDB0751E01E0DE0081A820</key>
		<dict>
			<key>children</key>
			<array>
				<string>61FDB0761E01E0DE0081A820</string>
			</array>
			<key>currentVersion</key>
			<string>61FDB0761E01E0DE0081A820</string>
			<key>isa</key>
			<string>XCVersionGroup</string>
			<key>path</key>
			<string>ArtCisco7_0.xcdatamodeld</string>
			<key>sourceTree</key>
			<string>&lt;group&gt;</string>
			<key>versionGroupType</key>
			<string>wrapper.xcdatamodel</string>
		</dict>
		<key>61FDB0761E01E0DE0081A820</key>
		<dict>
			<key>isa</key>
			<string>PBXFileReference</string>
			<key>lastKnownFileType</key>
			<string>wrapper.xcdatamodel</string>
			<key>path</key>
			<string>ArtCisco7_0.xcdatamodel</string>
			<key>sourceTree</key>
			<string>&lt;group&gt;</string>
		</dict>
		<key>61FDB0771E01E0DE0081A820</key>
		<dict>
			<key>fileRef</key>
			<string>61FDB0751E01E0DE0081A820</string>
			<key>isa</key>
			<string>PBXBuildFile</string>
		</dict>
		<key>61FDB0781E01E0DE0081A820</key>
		<dict>
			<key>isa</key>
			<string>PBXFileReference</string>
			<key>lastKnownFileType</key>
			<string>folder.assetcatalog</string>
			<key>path</key>
			<string>Assets.xcassets</string>
			<key>sourceTree</key>
			<string>&lt;group&gt;</string>
		</dict>
		<key>61FDB0791E01E0DE0081A820</key>
		<dict>
			<key>fileRef</key>
			<string>61FDB0781E01E0DE0081A820</string>
			<key>isa</key>
			<string>PBXBuildFile</string>
		</dict>
		<key>61FDB07A1E01E0DE0081A820</key>
		<dict>
			<key>children</key>
			<array>
				<string>61FDB07B1E01E0DE0081A820</string>
			</array>
			<key>isa</key>
			<string>PBXVariantGroup</string>
			<key>name</key>
			<string>LaunchScreen.storyboard</string>
			<key>sourceTree</key>
			<string>&lt;group&gt;</string>
		</dict>
		<key>61FDB07B1E01E0DE0081A820</key>
		<dict>
			<key>isa</key>
			<string>PBXFileReference</string>
			<key>lastKnownFileType</key>
			<string>file.storyboard</string>
			<key>name</key>
			<string>Base</string>
			<key>path</key>
			<string>Base.lproj/LaunchScreen.storyboard</string>
			<key>sourceTree</key>
			<string>&lt;group&gt;</string>
		</dict>
		<key>61FDB07C1E01E0DE0081A820</key>
		<dict>
			<key>fileRef</key>
			<string>61FDB07A1E01E0DE0081A820</string>
			<key>isa</key>
			<string>PBXBuildFile</string>
		</dict>
		<key>61FDB07D1E01E0DE0081A820</key>
		<dict>
			<key>isa</key>
			<string>PBXFileReference</string>
			<key>lastKnownFileType</key>
			<string>text.plist.xml</string>
			<key>path</key>
			<string>Info.plist</string>
			<key>sourceTree</key>
			<string>&lt;group&gt;</string>
		</dict>
		<key>61FDB07E1E01E0DE0081A820</key>
		<dict>
			<key>buildActionMask</key>
			<string>2147483647</string>
			<key>files</key>
			<array>
				<string>61FDB0871E01E0DE0081A820</string>
			</array>
			<key>isa</key>
			<string>PBXSourcesBuildPhase</string>
			<key>runOnlyForDeploymentPostprocessing</key>
			<string>0</string>
		</dict>
		<key>61FDB07F1E01E0DE0081A820</key>
		<dict>
			<key>buildActionMask</key>
			<string>2147483647</string>
			<key>files</key>
			<array>
				<string>9444A850995F6E17E6D1A8F9</string>
			</array>
			<key>isa</key>
			<string>PBXFrameworksBuildPhase</string>
			<key>runOnlyForDeploymentPostprocessing</key>
			<string>0</string>
		</dict>
		<key>61FDB0801E01E0DE0081A820</key>
		<dict>
			<key>buildActionMask</key>
			<string>2147483647</string>
			<key>files</key>
			<array>
				<string>51929BA21E04C63100F1C208</string>
			</array>
			<key>isa</key>
			<string>PBXResourcesBuildPhase</string>
			<key>runOnlyForDeploymentPostprocessing</key>
			<string>0</string>
		</dict>
		<key>61FDB0811E01E0DE0081A820</key>
		<dict>
			<key>buildConfigurationList</key>
			<string>61FDB0991E01E0DF0081A820</string>
			<key>buildPhases</key>
			<array>
				<string>7D860FA4779CAC1D1CF0EE85</string>
				<string>61FDB07E1E01E0DE0081A820</string>
				<string>61FDB07F1E01E0DE0081A820</string>
				<string>61FDB0801E01E0DE0081A820</string>
				<string>B3584E9CD1C9C73BE127E6FE</string>
				<string>1FA0F4A142A7ACDF42079753</string>
			</array>
			<key>buildRules</key>
			<array/>
			<key>dependencies</key>
			<array>
				<string>61FDB0841E01E0DE0081A820</string>
			</array>
			<key>isa</key>
			<string>PBXNativeTarget</string>
			<key>name</key>
			<string>ArtCisco7.0Tests</string>
			<key>productName</key>
			<string>ArtCisco7.0Tests</string>
			<key>productReference</key>
			<string>61FDB0821E01E0DE0081A820</string>
			<key>productType</key>
			<string>com.apple.product-type.bundle.unit-test</string>
		</dict>
		<key>61FDB0821E01E0DE0081A820</key>
		<dict>
			<key>explicitFileType</key>
			<string>wrapper.cfbundle</string>
			<key>includeInIndex</key>
			<string>0</string>
			<key>isa</key>
			<string>PBXFileReference</string>
			<key>path</key>
			<string>ArtCisco7.0Tests.xctest</string>
			<key>sourceTree</key>
			<string>BUILT_PRODUCTS_DIR</string>
		</dict>
		<key>61FDB0831E01E0DE0081A820</key>
		<dict>
			<key>containerPortal</key>
			<string>61FDB0631E01E0DE0081A820</string>
			<key>isa</key>
			<string>PBXContainerItemProxy</string>
			<key>proxyType</key>
			<string>1</string>
			<key>remoteGlobalIDString</key>
			<string>61FDB06A1E01E0DE0081A820</string>
			<key>remoteInfo</key>
			<string>ArtCisco7.0</string>
		</dict>
		<key>61FDB0841E01E0DE0081A820</key>
		<dict>
			<key>isa</key>
			<string>PBXTargetDependency</string>
			<key>target</key>
			<string>61FDB06A1E01E0DE0081A820</string>
			<key>targetProxy</key>
			<string>61FDB0831E01E0DE0081A820</string>
		</dict>
		<key>61FDB0851E01E0DE0081A820</key>
		<dict>
			<key>children</key>
			<array>
				<string>61FDB0861E01E0DE0081A820</string>
				<string>61FDB0881E01E0DE0081A820</string>
			</array>
			<key>isa</key>
			<string>PBXGroup</string>
			<key>path</key>
			<string>ArtCisco7.0Tests</string>
			<key>sourceTree</key>
			<string>&lt;group&gt;</string>
		</dict>
		<key>61FDB0861E01E0DE0081A820</key>
		<dict>
			<key>isa</key>
			<string>PBXFileReference</string>
			<key>lastKnownFileType</key>
			<string>sourcecode.swift</string>
			<key>path</key>
			<string>ArtCisco7_0Tests.swift</string>
			<key>sourceTree</key>
			<string>&lt;group&gt;</string>
		</dict>
		<key>61FDB0871E01E0DE0081A820</key>
		<dict>
			<key>fileRef</key>
			<string>61FDB0861E01E0DE0081A820</string>
			<key>isa</key>
			<string>PBXBuildFile</string>
		</dict>
		<key>61FDB0881E01E0DE0081A820</key>
		<dict>
			<key>isa</key>
			<string>PBXFileReference</string>
			<key>lastKnownFileType</key>
			<string>text.plist.xml</string>
			<key>path</key>
			<string>Info.plist</string>
			<key>sourceTree</key>
			<string>&lt;group&gt;</string>
		</dict>
		<key>61FDB0891E01E0DF0081A820</key>
		<dict>
			<key>buildActionMask</key>
			<string>2147483647</string>
			<key>files</key>
			<array>
				<string>61FDB0921E01E0DF0081A820</string>
			</array>
			<key>isa</key>
			<string>PBXSourcesBuildPhase</string>
			<key>runOnlyForDeploymentPostprocessing</key>
			<string>0</string>
		</dict>
		<key>61FDB08A1E01E0DF0081A820</key>
		<dict>
			<key>buildActionMask</key>
			<string>2147483647</string>
			<key>files</key>
			<array>
				<string>ECEF340B7A69A5DE8E0DF977</string>
			</array>
			<key>isa</key>
			<string>PBXFrameworksBuildPhase</string>
			<key>runOnlyForDeploymentPostprocessing</key>
			<string>0</string>
		</dict>
		<key>61FDB08B1E01E0DF0081A820</key>
		<dict>
			<key>buildActionMask</key>
			<string>2147483647</string>
			<key>files</key>
			<array>
				<string>51929BA31E04C63100F1C208</string>
			</array>
			<key>isa</key>
			<string>PBXResourcesBuildPhase</string>
			<key>runOnlyForDeploymentPostprocessing</key>
			<string>0</string>
		</dict>
		<key>61FDB08C1E01E0DF0081A820</key>
		<dict>
			<key>buildConfigurationList</key>
			<string>61FDB09C1E01E0DF0081A820</string>
			<key>buildPhases</key>
			<array>
				<string>70D4FCBCA64FE1C416EB001B</string>
				<string>61FDB0891E01E0DF0081A820</string>
				<string>61FDB08A1E01E0DF0081A820</string>
				<string>61FDB08B1E01E0DF0081A820</string>
				<string>06463375C5DAA3AF99FE4169</string>
				<string>902DA8F50FE0040891250098</string>
			</array>
			<key>buildRules</key>
			<array/>
			<key>dependencies</key>
			<array>
				<string>61FDB08F1E01E0DF0081A820</string>
			</array>
			<key>isa</key>
			<string>PBXNativeTarget</string>
			<key>name</key>
			<string>ArtCisco7.0UITests</string>
			<key>productName</key>
			<string>ArtCisco7.0UITests</string>
			<key>productReference</key>
			<string>61FDB08D1E01E0DF0081A820</string>
			<key>productType</key>
			<string>com.apple.product-type.bundle.ui-testing</string>
		</dict>
		<key>61FDB08D1E01E0DF0081A820</key>
		<dict>
			<key>explicitFileType</key>
			<string>wrapper.cfbundle</string>
			<key>includeInIndex</key>
			<string>0</string>
			<key>isa</key>
			<string>PBXFileReference</string>
			<key>path</key>
			<string>ArtCisco7.0UITests.xctest</string>
			<key>sourceTree</key>
			<string>BUILT_PRODUCTS_DIR</string>
		</dict>
		<key>61FDB08E1E01E0DF0081A820</key>
		<dict>
			<key>containerPortal</key>
			<string>61FDB0631E01E0DE0081A820</string>
			<key>isa</key>
			<string>PBXContainerItemProxy</string>
			<key>proxyType</key>
			<string>1</string>
			<key>remoteGlobalIDString</key>
			<string>61FDB06A1E01E0DE0081A820</string>
			<key>remoteInfo</key>
			<string>ArtCisco7.0</string>
		</dict>
		<key>61FDB08F1E01E0DF0081A820</key>
		<dict>
			<key>isa</key>
			<string>PBXTargetDependency</string>
			<key>target</key>
			<string>61FDB06A1E01E0DE0081A820</string>
			<key>targetProxy</key>
			<string>61FDB08E1E01E0DF0081A820</string>
		</dict>
		<key>61FDB0901E01E0DF0081A820</key>
		<dict>
			<key>children</key>
			<array>
				<string>61FDB0911E01E0DF0081A820</string>
				<string>61FDB0931E01E0DF0081A820</string>
			</array>
			<key>isa</key>
			<string>PBXGroup</string>
			<key>path</key>
			<string>ArtCisco7.0UITests</string>
			<key>sourceTree</key>
			<string>&lt;group&gt;</string>
		</dict>
		<key>61FDB0911E01E0DF0081A820</key>
		<dict>
			<key>isa</key>
			<string>PBXFileReference</string>
			<key>lastKnownFileType</key>
			<string>sourcecode.swift</string>
			<key>path</key>
			<string>ArtCisco7_0UITests.swift</string>
			<key>sourceTree</key>
			<string>&lt;group&gt;</string>
		</dict>
		<key>61FDB0921E01E0DF0081A820</key>
		<dict>
			<key>fileRef</key>
			<string>61FDB0911E01E0DF0081A820</string>
			<key>isa</key>
			<string>PBXBuildFile</string>
		</dict>
		<key>61FDB0931E01E0DF0081A820</key>
		<dict>
			<key>isa</key>
			<string>PBXFileReference</string>
			<key>lastKnownFileType</key>
			<string>text.plist.xml</string>
			<key>path</key>
			<string>Info.plist</string>
			<key>sourceTree</key>
			<string>&lt;group&gt;</string>
		</dict>
		<key>61FDB0941E01E0DF0081A820</key>
		<dict>
			<key>buildSettings</key>
			<dict>
				<key>ALWAYS_SEARCH_USER_PATHS</key>
				<string>NO</string>
				<key>CLANG_ANALYZER_NONNULL</key>
				<string>YES</string>
				<key>CLANG_CXX_LANGUAGE_STANDARD</key>
				<string>gnu++0x</string>
				<key>CLANG_CXX_LIBRARY</key>
				<string>libc++</string>
				<key>CLANG_ENABLE_MODULES</key>
				<string>YES</string>
				<key>CLANG_ENABLE_OBJC_ARC</key>
				<string>YES</string>
				<key>CLANG_WARN_BOOL_CONVERSION</key>
				<string>YES</string>
				<key>CLANG_WARN_CONSTANT_CONVERSION</key>
				<string>YES</string>
				<key>CLANG_WARN_DIRECT_OBJC_ISA_USAGE</key>
				<string>YES_ERROR</string>
				<key>CLANG_WARN_DOCUMENTATION_COMMENTS</key>
				<string>YES</string>
				<key>CLANG_WARN_EMPTY_BODY</key>
				<string>YES</string>
				<key>CLANG_WARN_ENUM_CONVERSION</key>
				<string>YES</string>
				<key>CLANG_WARN_INFINITE_RECURSION</key>
				<string>YES</string>
				<key>CLANG_WARN_INT_CONVERSION</key>
				<string>YES</string>
				<key>CLANG_WARN_OBJC_ROOT_CLASS</key>
				<string>YES_ERROR</string>
				<key>CLANG_WARN_SUSPICIOUS_MOVE</key>
				<string>YES</string>
				<key>CLANG_WARN_SUSPICIOUS_MOVES</key>
				<string>YES</string>
				<key>CLANG_WARN_UNREACHABLE_CODE</key>
				<string>YES</string>
				<key>CLANG_WARN__DUPLICATE_METHOD_MATCH</key>
				<string>YES</string>
				<key>CODE_SIGN_IDENTITY[sdk=iphoneos*]</key>
				<string>iPhone Developer</string>
				<key>COPY_PHASE_STRIP</key>
				<string>NO</string>
				<key>DEBUG_INFORMATION_FORMAT</key>
				<string>dwarf</string>
				<key>ENABLE_STRICT_OBJC_MSGSEND</key>
				<string>YES</string>
				<key>ENABLE_TESTABILITY</key>
				<string>YES</string>
				<key>GCC_C_LANGUAGE_STANDARD</key>
				<string>gnu99</string>
				<key>GCC_DYNAMIC_NO_PIC</key>
				<string>NO</string>
				<key>GCC_NO_COMMON_BLOCKS</key>
				<string>YES</string>
				<key>GCC_OPTIMIZATION_LEVEL</key>
				<string>0</string>
				<key>GCC_PREPROCESSOR_DEFINITIONS</key>
				<array>
					<string>DEBUG=1</string>
					<string>$(inherited)</string>
				</array>
				<key>GCC_WARN_64_TO_32_BIT_CONVERSION</key>
				<string>YES</string>
				<key>GCC_WARN_ABOUT_RETURN_TYPE</key>
				<string>YES_ERROR</string>
				<key>GCC_WARN_UNDECLARED_SELECTOR</key>
				<string>YES</string>
				<key>GCC_WARN_UNINITIALIZED_AUTOS</key>
				<string>YES_AGGRESSIVE</string>
				<key>GCC_WARN_UNUSED_FUNCTION</key>
				<string>YES</string>
				<key>GCC_WARN_UNUSED_VARIABLE</key>
				<string>YES</string>
				<key>IPHONEOS_DEPLOYMENT_TARGET</key>
				<string>10.1</string>
				<key>MTL_ENABLE_DEBUG_INFO</key>
				<string>YES</string>
				<key>ONLY_ACTIVE_ARCH</key>
				<string>YES</string>
				<key>SDKROOT</key>
				<string>iphoneos</string>
				<key>SWIFT_ACTIVE_COMPILATION_CONDITIONS</key>
				<string>DEBUG</string>
				<key>SWIFT_OPTIMIZATION_LEVEL</key>
				<string>-Onone</string>
			</dict>
			<key>isa</key>
			<string>XCBuildConfiguration</string>
			<key>name</key>
			<string>Debug</string>
		</dict>
		<key>61FDB0951E01E0DF0081A820</key>
		<dict>
			<key>buildSettings</key>
			<dict>
				<key>ALWAYS_SEARCH_USER_PATHS</key>
				<string>NO</string>
				<key>CLANG_ANALYZER_NONNULL</key>
				<string>YES</string>
				<key>CLANG_CXX_LANGUAGE_STANDARD</key>
				<string>gnu++0x</string>
				<key>CLANG_CXX_LIBRARY</key>
				<string>libc++</string>
				<key>CLANG_ENABLE_MODULES</key>
				<string>YES</string>
				<key>CLANG_ENABLE_OBJC_ARC</key>
				<string>YES</string>
				<key>CLANG_WARN_BOOL_CONVERSION</key>
				<string>YES</string>
				<key>CLANG_WARN_CONSTANT_CONVERSION</key>
				<string>YES</string>
				<key>CLANG_WARN_DIRECT_OBJC_ISA_USAGE</key>
				<string>YES_ERROR</string>
				<key>CLANG_WARN_DOCUMENTATION_COMMENTS</key>
				<string>YES</string>
				<key>CLANG_WARN_EMPTY_BODY</key>
				<string>YES</string>
				<key>CLANG_WARN_ENUM_CONVERSION</key>
				<string>YES</string>
				<key>CLANG_WARN_INFINITE_RECURSION</key>
				<string>YES</string>
				<key>CLANG_WARN_INT_CONVERSION</key>
				<string>YES</string>
				<key>CLANG_WARN_OBJC_ROOT_CLASS</key>
				<string>YES_ERROR</string>
				<key>CLANG_WARN_SUSPICIOUS_MOVE</key>
				<string>YES</string>
				<key>CLANG_WARN_SUSPICIOUS_MOVES</key>
				<string>YES</string>
				<key>CLANG_WARN_UNREACHABLE_CODE</key>
				<string>YES</string>
				<key>CLANG_WARN__DUPLICATE_METHOD_MATCH</key>
				<string>YES</string>
				<key>CODE_SIGN_IDENTITY[sdk=iphoneos*]</key>
				<string>iPhone Developer</string>
				<key>COPY_PHASE_STRIP</key>
				<string>NO</string>
				<key>DEBUG_INFORMATION_FORMAT</key>
				<string>dwarf-with-dsym</string>
				<key>ENABLE_NS_ASSERTIONS</key>
				<string>NO</string>
				<key>ENABLE_STRICT_OBJC_MSGSEND</key>
				<string>YES</string>
				<key>GCC_C_LANGUAGE_STANDARD</key>
				<string>gnu99</string>
				<key>GCC_NO_COMMON_BLOCKS</key>
				<string>YES</string>
				<key>GCC_WARN_64_TO_32_BIT_CONVERSION</key>
				<string>YES</string>
				<key>GCC_WARN_ABOUT_RETURN_TYPE</key>
				<string>YES_ERROR</string>
				<key>GCC_WARN_UNDECLARED_SELECTOR</key>
				<string>YES</string>
				<key>GCC_WARN_UNINITIALIZED_AUTOS</key>
				<string>YES_AGGRESSIVE</string>
				<key>GCC_WARN_UNUSED_FUNCTION</key>
				<string>YES</string>
				<key>GCC_WARN_UNUSED_VARIABLE</key>
				<string>YES</string>
				<key>IPHONEOS_DEPLOYMENT_TARGET</key>
				<string>10.1</string>
				<key>MTL_ENABLE_DEBUG_INFO</key>
				<string>NO</string>
				<key>SDKROOT</key>
				<string>iphoneos</string>
				<key>SWIFT_OPTIMIZATION_LEVEL</key>
				<string>-Owholemodule</string>
				<key>VALIDATE_PRODUCT</key>
				<string>YES</string>
			</dict>
			<key>isa</key>
			<string>XCBuildConfiguration</string>
			<key>name</key>
			<string>Release</string>
		</dict>
		<key>61FDB0961E01E0DF0081A820</key>
		<dict>
			<key>buildConfigurations</key>
			<array>
				<string>61FDB0971E01E0DF0081A820</string>
				<string>61FDB0981E01E0DF0081A820</string>
			</array>
			<key>defaultConfigurationIsVisible</key>
			<string>0</string>
			<key>defaultConfigurationName</key>
			<string>Release</string>
			<key>isa</key>
			<string>XCConfigurationList</string>
		</dict>
		<key>61FDB0971E01E0DF0081A820</key>
		<dict>
			<key>baseConfigurationReference</key>
			<string>9F84ED188AC633DF25D1ECB2</string>
			<key>buildSettings</key>
			<dict>
				<key>ASSETCATALOG_COMPILER_APPICON_NAME</key>
				<string>AppIcon</string>
				<key>CODE_SIGN_ENTITLEMENTS</key>
				<string>ArtCisco7.0/ArtCisco7.0.entitlements</string>
				<key>DEVELOPMENT_TEAM</key>
				<string>CEJB5SCP4H</string>
				<key>FRAMEWORK_SEARCH_PATHS</key>
				<array>
					<string>$(inherited)</string>
					<string>"${PODS_ROOT}/FirebaseAnalytics/Frameworks/frameworks"</string>
					<string>"${PODS_ROOT}/FirebaseAuth/Frameworks/frameworks"</string>
					<string>"${PODS_ROOT}/FirebaseCore/Frameworks/frameworks"</string>
					<string>"${PODS_ROOT}/FirebaseInstanceID/Frameworks/frameworks"</string>
					<string>"${PODS_ROOT}/GoogleInterchangeUtilities/Frameworks/frameworks"</string>
					<string>"${PODS_ROOT}/GoogleNetworkingUtilities/Frameworks/frameworks"</string>
					<string>"${PODS_ROOT}/GoogleSymbolUtilities/Frameworks/frameworks"</string>
					<string>"${PODS_ROOT}/GoogleUtilities/Frameworks/frameworks"</string>
					<string>/Users/spare/Documents/FacebookSDKs-iOS-4.18.0</string>
					<string>$(PROJECT_DIR)/FacebookSDKs-iOS-4.18.0</string>
					<string>$(PROJECT_DIR)/Pods/FirebaseDatabase/Frameworks</string>
				</array>
				<key>INFOPLIST_FILE</key>
				<string>ArtCisco7.0/Info.plist</string>
				<key>LD_RUNPATH_SEARCH_PATHS</key>
				<string>$(inherited) @executable_path/Frameworks</string>
				<key>PRODUCT_BUNDLE_IDENTIFIER</key>
				<string>com.oskarklonowski.ArtCisco7-0</string>
				<key>PRODUCT_NAME</key>
				<string>$(TARGET_NAME)</string>
				<key>SWIFT_OBJC_BRIDGING_HEADER</key>
				<string>ArtCisco7.0/ArtCisco7.0-Bridging-Header.h</string>
				<key>SWIFT_VERSION</key>
				<string>3.0</string>
			</dict>
			<key>isa</key>
			<string>XCBuildConfiguration</string>
			<key>name</key>
			<string>Debug</string>
		</dict>
		<key>61FDB0981E01E0DF0081A820</key>
		<dict>
			<key>baseConfigurationReference</key>
			<string>1674037CB170F9A8A66F4C56</string>
			<key>buildSettings</key>
			<dict>
				<key>ASSETCATALOG_COMPILER_APPICON_NAME</key>
				<string>AppIcon</string>
				<key>CODE_SIGN_ENTITLEMENTS</key>
				<string>ArtCisco7.0/ArtCisco7.0.entitlements</string>
				<key>DEVELOPMENT_TEAM</key>
				<string>CEJB5SCP4H</string>
				<key>FRAMEWORK_SEARCH_PATHS</key>
				<array>
					<string>$(inherited)</string>
					<string>"${PODS_ROOT}/FirebaseAnalytics/Frameworks/frameworks"</string>
					<string>"${PODS_ROOT}/FirebaseAuth/Frameworks/frameworks"</string>
					<string>"${PODS_ROOT}/FirebaseCore/Frameworks/frameworks"</string>
					<string>"${PODS_ROOT}/FirebaseInstanceID/Frameworks/frameworks"</string>
					<string>"${PODS_ROOT}/GoogleInterchangeUtilities/Frameworks/frameworks"</string>
					<string>"${PODS_ROOT}/GoogleNetworkingUtilities/Frameworks/frameworks"</string>
					<string>"${PODS_ROOT}/GoogleSymbolUtilities/Frameworks/frameworks"</string>
					<string>"${PODS_ROOT}/GoogleUtilities/Frameworks/frameworks"</string>
					<string>/Users/spare/Documents/FacebookSDKs-iOS-4.18.0</string>
					<string>$(PROJECT_DIR)/FacebookSDKs-iOS-4.18.0</string>
					<string>$(PROJECT_DIR)/Pods/FirebaseDatabase/Frameworks</string>
				</array>
				<key>INFOPLIST_FILE</key>
				<string>ArtCisco7.0/Info.plist</string>
				<key>LD_RUNPATH_SEARCH_PATHS</key>
				<string>$(inherited) @executable_path/Frameworks</string>
				<key>PRODUCT_BUNDLE_IDENTIFIER</key>
				<string>com.oskarklonowski.ArtCisco7-0</string>
				<key>PRODUCT_NAME</key>
				<string>$(TARGET_NAME)</string>
				<key>SWIFT_OBJC_BRIDGING_HEADER</key>
				<string>ArtCisco7.0/ArtCisco7.0-Bridging-Header.h</string>
				<key>SWIFT_VERSION</key>
				<string>3.0</string>
			</dict>
			<key>isa</key>
			<string>XCBuildConfiguration</string>
			<key>name</key>
			<string>Release</string>
		</dict>
		<key>61FDB0991E01E0DF0081A820</key>
		<dict>
			<key>buildConfigurations</key>
			<array>
				<string>61FDB09A1E01E0DF0081A820</string>
				<string>61FDB09B1E01E0DF0081A820</string>
			</array>
			<key>defaultConfigurationIsVisible</key>
			<string>0</string>
			<key>defaultConfigurationName</key>
			<string>Release</string>
			<key>isa</key>
			<string>XCConfigurationList</string>
		</dict>
		<key>61FDB09A1E01E0DF0081A820</key>
		<dict>
			<key>baseConfigurationReference</key>
			<string>F334F5061E31AD07C93FA277</string>
			<key>buildSettings</key>
			<dict>
				<key>BUNDLE_LOADER</key>
				<string>$(TEST_HOST)</string>
				<key>FRAMEWORK_SEARCH_PATHS</key>
				<array>
					<string>$(inherited)</string>
					<string>$(PROJECT_DIR)/Pods/FirebaseDatabase/Frameworks</string>
				</array>
				<key>INFOPLIST_FILE</key>
				<string>ArtCisco7.0Tests/Info.plist</string>
				<key>LD_RUNPATH_SEARCH_PATHS</key>
				<string>$(inherited) @executable_path/Frameworks @loader_path/Frameworks</string>
				<key>PRODUCT_BUNDLE_IDENTIFIER</key>
				<string>com.oskarklonowski.ArtCisco7-0Tests</string>
				<key>PRODUCT_NAME</key>
				<string>$(TARGET_NAME)</string>
				<key>SWIFT_VERSION</key>
				<string>3.0</string>
				<key>TEST_HOST</key>
				<string>$(BUILT_PRODUCTS_DIR)/ArtCisco7.0.app/ArtCisco7.0</string>
			</dict>
			<key>isa</key>
			<string>XCBuildConfiguration</string>
			<key>name</key>
			<string>Debug</string>
		</dict>
		<key>61FDB09B1E01E0DF0081A820</key>
		<dict>
			<key>baseConfigurationReference</key>
			<string>4253E0272776A30B7EF0A787</string>
			<key>buildSettings</key>
			<dict>
				<key>BUNDLE_LOADER</key>
				<string>$(TEST_HOST)</string>
				<key>FRAMEWORK_SEARCH_PATHS</key>
				<array>
					<string>$(inherited)</string>
					<string>$(PROJECT_DIR)/Pods/FirebaseDatabase/Frameworks</string>
				</array>
				<key>INFOPLIST_FILE</key>
				<string>ArtCisco7.0Tests/Info.plist</string>
				<key>LD_RUNPATH_SEARCH_PATHS</key>
				<string>$(inherited) @executable_path/Frameworks @loader_path/Frameworks</string>
				<key>PRODUCT_BUNDLE_IDENTIFIER</key>
				<string>com.oskarklonowski.ArtCisco7-0Tests</string>
				<key>PRODUCT_NAME</key>
				<string>$(TARGET_NAME)</string>
				<key>SWIFT_VERSION</key>
				<string>3.0</string>
				<key>TEST_HOST</key>
				<string>$(BUILT_PRODUCTS_DIR)/ArtCisco7.0.app/ArtCisco7.0</string>
			</dict>
			<key>isa</key>
			<string>XCBuildConfiguration</string>
			<key>name</key>
			<string>Release</string>
		</dict>
		<key>61FDB09C1E01E0DF0081A820</key>
		<dict>
			<key>buildConfigurations</key>
			<array>
				<string>61FDB09D1E01E0DF0081A820</string>
				<string>61FDB09E1E01E0DF0081A820</string>
			</array>
			<key>defaultConfigurationIsVisible</key>
			<string>0</string>
			<key>defaultConfigurationName</key>
			<string>Release</string>
			<key>isa</key>
			<string>XCConfigurationList</string>
		</dict>
		<key>61FDB09D1E01E0DF0081A820</key>
		<dict>
			<key>baseConfigurationReference</key>
			<string>C6A03DE2110BF7FC812AB368</string>
			<key>buildSettings</key>
			<dict>
				<key>FRAMEWORK_SEARCH_PATHS</key>
				<array>
					<string>$(inherited)</string>
					<string>$(PROJECT_DIR)/Pods/FirebaseDatabase/Frameworks</string>
				</array>
				<key>INFOPLIST_FILE</key>
				<string>ArtCisco7.0UITests/Info.plist</string>
				<key>LD_RUNPATH_SEARCH_PATHS</key>
				<string>$(inherited) @executable_path/Frameworks @loader_path/Frameworks</string>
				<key>PRODUCT_BUNDLE_IDENTIFIER</key>
				<string>com.oskarklonowski.ArtCisco7-0UITests</string>
				<key>PRODUCT_NAME</key>
				<string>$(TARGET_NAME)</string>
				<key>SWIFT_VERSION</key>
				<string>3.0</string>
				<key>TEST_TARGET_NAME</key>
				<string>ArtCisco7.0</string>
			</dict>
			<key>isa</key>
			<string>XCBuildConfiguration</string>
			<key>name</key>
			<string>Debug</string>
		</dict>
		<key>61FDB09E1E01E0DF0081A820</key>
		<dict>
			<key>baseConfigurationReference</key>
			<string>595886C490DF6BE75FC15B95</string>
			<key>buildSettings</key>
			<dict>
				<key>FRAMEWORK_SEARCH_PATHS</key>
				<array>
					<string>$(inherited)</string>
					<string>$(PROJECT_DIR)/Pods/FirebaseDatabase/Frameworks</string>
				</array>
				<key>INFOPLIST_FILE</key>
				<string>ArtCisco7.0UITests/Info.plist</string>
				<key>LD_RUNPATH_SEARCH_PATHS</key>
				<string>$(inherited) @executable_path/Frameworks @loader_path/Frameworks</string>
				<key>PRODUCT_BUNDLE_IDENTIFIER</key>
				<string>com.oskarklonowski.ArtCisco7-0UITests</string>
				<key>PRODUCT_NAME</key>
				<string>$(TARGET_NAME)</string>
				<key>SWIFT_VERSION</key>
				<string>3.0</string>
				<key>TEST_TARGET_NAME</key>
				<string>ArtCisco7.0</string>
			</dict>
			<key>isa</key>
			<string>XCBuildConfiguration</string>
			<key>name</key>
			<string>Release</string>
		</dict>
		<key>70D4FCBCA64FE1C416EB001B</key>
		<dict>
			<key>buildActionMask</key>
			<string>2147483647</string>
			<key>files</key>
			<array/>
			<key>inputPaths</key>
			<array/>
			<key>isa</key>
			<string>PBXShellScriptBuildPhase</string>
			<key>name</key>
			<string>[CP] Check Pods Manifest.lock</string>
			<key>outputPaths</key>
			<array/>
			<key>runOnlyForDeploymentPostprocessing</key>
			<string>0</string>
			<key>shellPath</key>
			<string>/bin/sh</string>
			<key>shellScript</key>
			<string>diff "${PODS_ROOT}/../Podfile.lock" "${PODS_ROOT}/Manifest.lock" &gt; /dev/null
if [[ $? != 0 ]] ; then
    cat &lt;&lt; EOM
error: The sandbox is not in sync with the Podfile.lock. Run 'pod install' or update your CocoaPods installation.
EOM
    exit 1
fi
</string>
			<key>showEnvVarsInLog</key>
			<string>0</string>
		</dict>
		<key>7D860FA4779CAC1D1CF0EE85</key>
		<dict>
			<key>buildActionMask</key>
			<string>2147483647</string>
			<key>files</key>
			<array/>
			<key>inputPaths</key>
			<array/>
			<key>isa</key>
			<string>PBXShellScriptBuildPhase</string>
			<key>name</key>
			<string>[CP] Check Pods Manifest.lock</string>
			<key>outputPaths</key>
			<array/>
			<key>runOnlyForDeploymentPostprocessing</key>
			<string>0</string>
			<key>shellPath</key>
			<string>/bin/sh</string>
			<key>shellScript</key>
			<string>diff "${PODS_ROOT}/../Podfile.lock" "${PODS_ROOT}/Manifest.lock" &gt; /dev/null
if [[ $? != 0 ]] ; then
    cat &lt;&lt; EOM
error: The sandbox is not in sync with the Podfile.lock. Run 'pod install' or update your CocoaPods installation.
EOM
    exit 1
fi
</string>
			<key>showEnvVarsInLog</key>
			<string>0</string>
		</dict>
		<key>7FA0955519CC4F85806472E0</key>
		<dict>
			<key>buildActionMask</key>
			<string>2147483647</string>
			<key>files</key>
			<array/>
			<key>inputPaths</key>
			<array/>
			<key>isa</key>
			<string>PBXShellScriptBuildPhase</string>
			<key>name</key>
			<string>[CP] Check Pods Manifest.lock</string>
			<key>outputPaths</key>
			<array/>
			<key>runOnlyForDeploymentPostprocessing</key>
			<string>0</string>
			<key>shellPath</key>
			<string>/bin/sh</string>
			<key>shellScript</key>
			<string>diff "${PODS_ROOT}/../Podfile.lock" "${PODS_ROOT}/Manifest.lock" &gt; /dev/null
if [[ $? != 0 ]] ; then
    cat &lt;&lt; EOM
error: The sandbox is not in sync with the Podfile.lock. Run 'pod install' or update your CocoaPods installation.
EOM
    exit 1
fi
</string>
			<key>showEnvVarsInLog</key>
			<string>0</string>
		</dict>
		<key>902DA8F50FE0040891250098</key>
		<dict>
			<key>buildActionMask</key>
			<string>2147483647</string>
			<key>files</key>
			<array/>
			<key>inputPaths</key>
			<array/>
			<key>isa</key>
			<string>PBXShellScriptBuildPhase</string>
			<key>name</key>
			<string>[CP] Embed Pods Frameworks</string>
			<key>outputPaths</key>
			<array/>
			<key>runOnlyForDeploymentPostprocessing</key>
			<string>0</string>
			<key>shellPath</key>
			<string>/bin/sh</string>
			<key>shellScript</key>
			<string>"${SRCROOT}/Pods/Target Support Files/Pods-ArtCisco7.0UITests/Pods-ArtCisco7.0UITests-frameworks.sh"
</string>
			<key>showEnvVarsInLog</key>
			<string>0</string>
		</dict>
		<key>9444A850995F6E17E6D1A8F9</key>
		<dict>
			<key>fileRef</key>
			<string>E151129A8DB568733583227D</string>
			<key>isa</key>
			<string>PBXBuildFile</string>
		</dict>
		<key>9F84ED188AC633DF25D1ECB2</key>
		<dict>
			<key>includeInIndex</key>
			<string>1</string>
			<key>isa</key>
			<string>PBXFileReference</string>
			<key>lastKnownFileType</key>
			<string>text.xcconfig</string>
			<key>name</key>
			<string>Pods-ArtCisco7.0.debug.xcconfig</string>
			<key>path</key>
			<string>Pods/Target Support Files/Pods-ArtCisco7.0/Pods-ArtCisco7.0.debug.xcconfig</string>
			<key>sourceTree</key>
			<string>&lt;group&gt;</string>
		</dict>
		<key>B3584E9CD1C9C73BE127E6FE</key>
		<dict>
			<key>buildActionMask</key>
			<string>2147483647</string>
			<key>files</key>
			<array/>
			<key>inputPaths</key>
			<array/>
			<key>isa</key>
			<string>PBXShellScriptBuildPhase</string>
			<key>name</key>
			<string>[CP] Embed Pods Frameworks</string>
			<key>outputPaths</key>
			<array/>
			<key>runOnlyForDeploymentPostprocessing</key>
			<string>0</string>
			<key>shellPath</key>
			<string>/bin/sh</string>
			<key>shellScript</key>
			<string>"${SRCROOT}/Pods/Target Support Files/Pods-ArtCisco7.0Tests/Pods-ArtCisco7.0Tests-frameworks.sh"
</string>
			<key>showEnvVarsInLog</key>
			<string>0</string>
		</dict>
		<key>C6A03DE2110BF7FC812AB368</key>
		<dict>
			<key>includeInIndex</key>
			<string>1</string>
			<key>isa</key>
			<string>PBXFileReference</string>
			<key>lastKnownFileType</key>
			<string>text.xcconfig</string>
			<key>name</key>
			<string>Pods-ArtCisco7.0UITests.debug.xcconfig</string>
			<key>path</key>
			<string>Pods/Target Support Files/Pods-ArtCisco7.0UITests/Pods-ArtCisco7.0UITests.debug.xcconfig</string>
			<key>sourceTree</key>
			<string>&lt;group&gt;</string>
		</dict>
		<key>CAC0119156B0DFFB1438241C</key>
		<dict>
			<key>children</key>
			<array>
				<string>9F84ED188AC633DF25D1ECB2</string>
				<string>1674037CB170F9A8A66F4C56</string>
				<string>F334F5061E31AD07C93FA277</string>
				<string>4253E0272776A30B7EF0A787</string>
				<string>C6A03DE2110BF7FC812AB368</string>
				<string>595886C490DF6BE75FC15B95</string>
			</array>
			<key>isa</key>
			<string>PBXGroup</string>
			<key>name</key>
			<string>Pods</string>
			<key>sourceTree</key>
			<string>&lt;group&gt;</string>
		</dict>
		<key>DB92186F25136E453204F237</key>
		<dict>
			<key>explicitFileType</key>
			<string>wrapper.framework</string>
			<key>includeInIndex</key>
			<string>0</string>
			<key>isa</key>
			<string>PBXFileReference</string>
			<key>path</key>
			<string>Pods_ArtCisco7_0UITests.framework</string>
			<key>sourceTree</key>
			<string>BUILT_PRODUCTS_DIR</string>
		</dict>
		<key>E151129A8DB568733583227D</key>
		<dict>
			<key>explicitFileType</key>
			<string>wrapper.framework</string>
			<key>includeInIndex</key>
			<string>0</string>
			<key>isa</key>
			<string>PBXFileReference</string>
			<key>path</key>
			<string>Pods_ArtCisco7_0Tests.framework</string>
			<key>sourceTree</key>
			<string>BUILT_PRODUCTS_DIR</string>
		</dict>
		<key>ECEF340B7A69A5DE8E0DF977</key>
		<dict>
			<key>fileRef</key>
			<string>DB92186F25136E453204F237</string>
			<key>isa</key>
			<string>PBXBuildFile</string>
		</dict>
		<key>F334F5061E31AD07C93FA277</key>
		<dict>
			<key>includeInIndex</key>
			<string>1</string>
			<key>isa</key>
			<string>PBXFileReference</string>
			<key>lastKnownFileType</key>
			<string>text.xcconfig</string>
			<key>name</key>
			<string>Pods-ArtCisco7.0Tests.debug.xcconfig</string>
			<key>path</key>
			<string>Pods/Target Support Files/Pods-ArtCisco7.0Tests/Pods-ArtCisco7.0Tests.debug.xcconfig</string>
			<key>sourceTree</key>
			<string>&lt;group&gt;</string>
		</dict>
		<key>F8FE904FE96171068ECE413B</key>
		<dict>
			<key>children</key>
			<array>
				<string>519B14451E146A0F00D7A142</string>
				<string>519B14431E1469EC00D7A142</string>
				<string>614C7D0D1E0712530027161B</string>
				<string>61EA108A1E05ABA900210503</string>
				<string>61EA10881E05ABA200210503</string>
				<string>56A591E73D3AAAB34E71A5C1</string>
				<string>E151129A8DB568733583227D</string>
				<string>DB92186F25136E453204F237</string>
			</array>
			<key>isa</key>
			<string>PBXGroup</string>
			<key>name</key>
			<string>Frameworks</string>
			<key>sourceTree</key>
			<string>&lt;group&gt;</string>
		</dict>
	</dict>
	<key>rootObject</key>
	<string>61FDB0631E01E0DE0081A820</string>
</dict>
</plist>
